
Microsoft Visual Studio Solution File, Format Version 12.00
# Visual Studio Version 17
VisualStudioVersion = 17.0.31919.166
MinimumVisualStudioVersion = 10.0.40219.1
Project("{FAE04EC0-301F-11D3-BF4B-00C04F79EFBC}") = "Application", "Application\Application.csproj", "{7789593A-E4FF-436D-8420-523209907D63}"
EndProject
Project("{FAE04EC0-301F-11D3-BF4B-00C04F79EFBC}") = "Application1", "Application1\Application1.csproj", "{9FC0E462-4941-4439-9AB7-6D470E059B6E}"
EndProject
Global
	GlobalSection(SolutionConfigurationPlatforms) = preSolution
		Debug|Any CPU = Debug|Any CPU
		Release|Any CPU = Release|Any CPU
	EndGlobalSection
	GlobalSection(ProjectConfigurationPlatforms) = postSolution
		{7789593A-E4FF-436D-8420-523209907D63}.Debug|Any CPU.ActiveCfg = Debug|Any CPU
		{7789593A-E4FF-436D-8420-523209907D63}.Debug|Any CPU.Build.0 = Debug|Any CPU
		{7789593A-E4FF-436D-8420-523209907D63}.Release|Any CPU.ActiveCfg = Release|Any CPU
		{7789593A-E4FF-436D-8420-523209907D63}.Release|Any CPU.Build.0 = Release|Any CPU
		{9FC0E462-4941-4439-9AB7-6D470E059B6E}.Debug|Any CPU.ActiveCfg = Debug|Any CPU
		{9FC0E462-4941-4439-9AB7-6D470E059B6E}.Debug|Any CPU.Build.0 = Debug|Any CPU
		{9FC0E462-4941-4439-9AB7-6D470E059B6E}.Release|Any CPU.ActiveCfg = Release|Any CPU
		{9FC0E462-4941-4439-9AB7-6D470E059B6E}.Release|Any CPU.Build.0 = Release|Any CPU
	EndGlobalSection
	GlobalSection(SolutionProperties) = preSolution
		HideSolutionNode = FALSE
	EndGlobalSection
	GlobalSection(ExtensibilityGlobals) = postSolution
		SolutionGuid = {3B9CCFE1-5DF0-4000-8413-8F4E2086AF94}
	EndGlobalSection
EndGlobal
