
Microsoft Visual Studio Solution File, Format Version 12.00
# Visual Studio Version 16
VisualStudioVersion = 16.0.31911.196
MinimumVisualStudioVersion = 10.0.40219.1
Project("{FAE04EC0-301F-11D3-BF4B-00C04F79EFBC}") = "collection", "collection\collection.csproj", "{AA3D631F-3D49-4187-B573-91FA604551C3}"
EndProject
Global
	GlobalSection(SolutionConfigurationPlatforms) = preSolution
		Debug|Any CPU = Debug|Any CPU
		Release|Any CPU = Release|Any CPU
	EndGlobalSection
	GlobalSection(ProjectConfigurationPlatforms) = postSolution
		{AA3D631F-3D49-4187-B573-91FA604551C3}.Debug|Any CPU.ActiveCfg = Debug|Any CPU
		{AA3D631F-3D49-4187-B573-91FA604551C3}.Debug|Any CPU.Build.0 = Debug|Any CPU
		{AA3D631F-3D49-4187-B573-91FA604551C3}.Release|Any CPU.ActiveCfg = Release|Any CPU
		{AA3D631F-3D49-4187-B573-91FA604551C3}.Release|Any CPU.Build.0 = Release|Any CPU
	EndGlobalSection
	GlobalSection(SolutionProperties) = preSolution
		HideSolutionNode = FALSE
	EndGlobalSection
	GlobalSection(ExtensibilityGlobals) = postSolution
		SolutionGuid = {CF9E810B-28F9-473B-8999-E2F8DA4FB3A1}
	EndGlobalSection
EndGlobal
