
Microsoft Visual Studio Solution File, Format Version 12.00
# Visual Studio Version 16
VisualStudioVersion = 16.0.31911.196
MinimumVisualStudioVersion = 10.0.40219.1
Project("{FAE04EC0-301F-11D3-BF4B-00C04F79EFBC}") = "GetSpaces", "GetSpaces\GetSpaces.csproj", "{1FA4DC66-D7AF-4A17-BEBE-7650DDBB905F}"
EndProject
Global
	GlobalSection(SolutionConfigurationPlatforms) = preSolution
		Debug|Any CPU = Debug|Any CPU
		Release|Any CPU = Release|Any CPU
	EndGlobalSection
	GlobalSection(ProjectConfigurationPlatforms) = postSolution
		{1FA4DC66-D7AF-4A17-BEBE-7650DDBB905F}.Debug|Any CPU.ActiveCfg = Debug|Any CPU
		{1FA4DC66-D7AF-4A17-BEBE-7650DDBB905F}.Debug|Any CPU.Build.0 = Debug|Any CPU
		{1FA4DC66-D7AF-4A17-BEBE-7650DDBB905F}.Release|Any CPU.ActiveCfg = Release|Any CPU
		{1FA4DC66-D7AF-4A17-BEBE-7650DDBB905F}.Release|Any CPU.Build.0 = Release|Any CPU
	EndGlobalSection
	GlobalSection(SolutionProperties) = preSolution
		HideSolutionNode = FALSE
	EndGlobalSection
	GlobalSection(ExtensibilityGlobals) = postSolution
		SolutionGuid = {C53E9AAC-2489-4665-AA86-EC33E4AB3B49}
	EndGlobalSection
EndGlobal
